
Microsoft Visual Studio Solution File, Format Version 12.00
# Visual Studio 15
VisualStudioVersion = 15.0.28307.421
MinimumVisualStudioVersion = 10.0.40219.1
Project("{FAE04EC0-301F-11D3-BF4B-00C04F79EFBC}") = "countword", "countword\countword.csproj", "{0F364731-9EFB-436D-A30E-F26AA5506E01}"
EndProject
Project("{FAE04EC0-301F-11D3-BF4B-00C04F79EFBC}") = "UnitTestProject1", "UnitTestProject1\UnitTestProject1.csproj", "{F1233485-9AFB-4374-AED5-764DABA8D073}"
EndProject
Global
	GlobalSection(SolutionConfigurationPlatforms) = preSolution
		Debug|Any CPU = Debug|Any CPU
		Release|Any CPU = Release|Any CPU
	EndGlobalSection
	GlobalSection(ProjectConfigurationPlatforms) = postSolution
		{0F364731-9EFB-436D-A30E-F26AA5506E01}.Debug|Any CPU.ActiveCfg = Debug|Any CPU
		{0F364731-9EFB-436D-A30E-F26AA5506E01}.Debug|Any CPU.Build.0 = Debug|Any CPU
		{0F364731-9EFB-436D-A30E-F26AA5506E01}.Release|Any CPU.ActiveCfg = Release|Any CPU
		{0F364731-9EFB-436D-A30E-F26AA5506E01}.Release|Any CPU.Build.0 = Release|Any CPU
		{F1233485-9AFB-4374-AED5-764DABA8D073}.Debug|Any CPU.ActiveCfg = Debug|Any CPU
		{F1233485-9AFB-4374-AED5-764DABA8D073}.Debug|Any CPU.Build.0 = Debug|Any CPU
		{F1233485-9AFB-4374-AED5-764DABA8D073}.Release|Any CPU.ActiveCfg = Release|Any CPU
		{F1233485-9AFB-4374-AED5-764DABA8D073}.Release|Any CPU.Build.0 = Release|Any CPU
	EndGlobalSection
	GlobalSection(SolutionProperties) = preSolution
		HideSolutionNode = FALSE
	EndGlobalSection
	GlobalSection(ExtensibilityGlobals) = postSolution
		SolutionGuid = {FF6EEB8A-9E2E-4F31-974F-9E53268B6145}
	EndGlobalSection
EndGlobal
